
Microsoft Visual Studio Solution File, Format Version 12.00
# Visual Studio Version 17
VisualStudioVersion = 17.7.34031.279
MinimumVisualStudioVersion = 10.0.40219.1
Project("{FAE04EC0-301F-11D3-BF4B-00C04F79EFBC}") = "tic-tac-toe", "tic-tac-toe.csproj", "{159123FA-2273-4CB6-BDBA-575646E26AF7}"
EndProject
Global
	GlobalSection(SolutionConfigurationPlatforms) = preSolution
		Debug|Any CPU = Debug|Any CPU
		Release|Any CPU = Release|Any CPU
	EndGlobalSection
	GlobalSection(ProjectConfigurationPlatforms) = postSolution
		{159123FA-2273-4CB6-BDBA-575646E26AF7}.Debug|Any CPU.ActiveCfg = Debug|Any CPU
		{159123FA-2273-4CB6-BDBA-575646E26AF7}.Debug|Any CPU.Build.0 = Debug|Any CPU
		{159123FA-2273-4CB6-BDBA-575646E26AF7}.Release|Any CPU.ActiveCfg = Release|Any CPU
		{159123FA-2273-4CB6-BDBA-575646E26AF7}.Release|Any CPU.Build.0 = Release|Any CPU
	EndGlobalSection
	GlobalSection(SolutionProperties) = preSolution
		HideSolutionNode = FALSE
	EndGlobalSection
	GlobalSection(ExtensibilityGlobals) = postSolution
		SolutionGuid = {1D44E891-275B-49C6-8BFA-54D2FAE72FAC}
	EndGlobalSection
EndGlobal
