
Microsoft Visual Studio Solution File, Format Version 12.00
# Visual Studio Version 17
VisualStudioVersion = 17.7.34031.279
MinimumVisualStudioVersion = 10.0.40219.1
Project("{FAE04EC0-301F-11D3-BF4B-00C04F79EFBC}") = "Async", "Async.csproj", "{285DD93A-9CF6-438F-B1E9-E993F46324AD}"
EndProject
Global
	GlobalSection(SolutionConfigurationPlatforms) = preSolution
		Debug|Any CPU = Debug|Any CPU
		Release|Any CPU = Release|Any CPU
	EndGlobalSection
	GlobalSection(ProjectConfigurationPlatforms) = postSolution
		{285DD93A-9CF6-438F-B1E9-E993F46324AD}.Debug|Any CPU.ActiveCfg = Debug|Any CPU
		{285DD93A-9CF6-438F-B1E9-E993F46324AD}.Debug|Any CPU.Build.0 = Debug|Any CPU
		{285DD93A-9CF6-438F-B1E9-E993F46324AD}.Release|Any CPU.ActiveCfg = Release|Any CPU
		{285DD93A-9CF6-438F-B1E9-E993F46324AD}.Release|Any CPU.Build.0 = Release|Any CPU
	EndGlobalSection
	GlobalSection(SolutionProperties) = preSolution
		HideSolutionNode = FALSE
	EndGlobalSection
	GlobalSection(ExtensibilityGlobals) = postSolution
		SolutionGuid = {45A0D22D-7706-4AC6-BFD6-13D2FAC7263D}
	EndGlobalSection
EndGlobal
